
Microsoft Visual Studio Solution File, Format Version 12.00
# Visual Studio Version 17
VisualStudioVersion = 17.0.31903.59
MinimumVisualStudioVersion = 10.0.40219.1
Project("{FAE04EC0-301F-11D3-BF4B-00C04F79EFBC}") = "API", "API\API.csproj", "{07F993F7-0659-4C27-8455-34434397278D}"
EndProject
Project("{FAE04EC0-301F-11D3-BF4B-00C04F79EFBC}") = "Application", "Application\Application.csproj", "{D6C1DF0B-E35D-4E9C-B0DE-C883A761A983}"
EndProject
Project("{FAE04EC0-301F-11D3-BF4B-00C04F79EFBC}") = "Domain", "Domain\Domain.csproj", "{75DCB394-4084-4E77-8D76-502A7DA96551}"
EndProject
Project("{FAE04EC0-301F-11D3-BF4B-00C04F79EFBC}") = "Persistence", "Persistence\Persistence.csproj", "{EACBE11D-1529-4096-B37B-5904CEA8481F}"
EndProject
Global
	GlobalSection(SolutionConfigurationPlatforms) = preSolution
		Debug|Any CPU = Debug|Any CPU
		Release|Any CPU = Release|Any CPU
	EndGlobalSection
	GlobalSection(SolutionProperties) = preSolution
		HideSolutionNode = FALSE
	EndGlobalSection
	GlobalSection(ProjectConfigurationPlatforms) = postSolution
		{07F993F7-0659-4C27-8455-34434397278D}.Debug|Any CPU.ActiveCfg = Debug|Any CPU
		{07F993F7-0659-4C27-8455-34434397278D}.Debug|Any CPU.Build.0 = Debug|Any CPU
		{07F993F7-0659-4C27-8455-34434397278D}.Release|Any CPU.ActiveCfg = Release|Any CPU
		{07F993F7-0659-4C27-8455-34434397278D}.Release|Any CPU.Build.0 = Release|Any CPU
		{D6C1DF0B-E35D-4E9C-B0DE-C883A761A983}.Debug|Any CPU.ActiveCfg = Debug|Any CPU
		{D6C1DF0B-E35D-4E9C-B0DE-C883A761A983}.Debug|Any CPU.Build.0 = Debug|Any CPU
		{D6C1DF0B-E35D-4E9C-B0DE-C883A761A983}.Release|Any CPU.ActiveCfg = Release|Any CPU
		{D6C1DF0B-E35D-4E9C-B0DE-C883A761A983}.Release|Any CPU.Build.0 = Release|Any CPU
		{75DCB394-4084-4E77-8D76-502A7DA96551}.Debug|Any CPU.ActiveCfg = Debug|Any CPU
		{75DCB394-4084-4E77-8D76-502A7DA96551}.Debug|Any CPU.Build.0 = Debug|Any CPU
		{75DCB394-4084-4E77-8D76-502A7DA96551}.Release|Any CPU.ActiveCfg = Release|Any CPU
		{75DCB394-4084-4E77-8D76-502A7DA96551}.Release|Any CPU.Build.0 = Release|Any CPU
		{EACBE11D-1529-4096-B37B-5904CEA8481F}.Debug|Any CPU.ActiveCfg = Debug|Any CPU
		{EACBE11D-1529-4096-B37B-5904CEA8481F}.Debug|Any CPU.Build.0 = Debug|Any CPU
		{EACBE11D-1529-4096-B37B-5904CEA8481F}.Release|Any CPU.ActiveCfg = Release|Any CPU
		{EACBE11D-1529-4096-B37B-5904CEA8481F}.Release|Any CPU.Build.0 = Release|Any CPU
	EndGlobalSection
EndGlobal
